# This file was autogenerated by Stack.
# You should not edit this file by hand.
# For more information, please see the documentation at:
#   https://docs.haskellstack.org/en/stable/topics/lock_files

packages:
- completed:
    hackage: atomic-css-0.1.0@sha256:03ba814e13675adae02254c58ed65e88f333f0102037c5d1bc913b396ed2e02f,3106
    pantry-tree:
      sha256: ac00508b8693f829e30090de76de14e50c4951a41473e73ec854933e2fbe8bef
      size: 1931
  original:
    hackage: atomic-css-0.1.0@sha256:03ba814e13675adae02254c58ed65e88f333f0102037c5d1bc913b396ed2e02f,3106
- completed:
    commit: 99ccee5f698848844435a7e33ed8b06744d137b6
    git: https://github.com/seanhess/hyperbole
    name: hyperbole
    pantry-tree:
      sha256: 21f9131c44842438117f055a8b98dee1d24d9471e305f89c75ac6e310bb94b4f
      size: 9928
    version: 0.4.3
  original:
    commit: 99ccee5f698848844435a7e33ed8b06744d137b6
    git: https://github.com/seanhess/hyperbole
- completed:
    commit: ccf3caf3eff61b88e6e2e2e1390d6acac1ae431c
    git: https://github.com/tusharad/langchain-hs
    name: langchain-hs
    pantry-tree:
      sha256: 3d4f7ebddea8d205d5c9f3b0dcb38449d4485427aaff7d22e155ff61f1fdd278
      size: 8979
    version: 0.0.2.0
  original:
    commit: ccf3caf3eff61b88e6e2e2e1390d6acac1ae431c
    git: https://github.com/tusharad/langchain-hs
- completed:
    commit: 05c7869652870a2a88bec259f501ee77cec79134
    git: https://github.com/tusharad/ollama-haskell
    name: ollama-haskell
    pantry-tree:
      sha256: 3c42eac164608453fd702d797184dedddfd34a343b273ffe670c270ff9046baf
      size: 5233
    version: 0.2.0.0
  original:
    commit: 05c7869652870a2a88bec259f501ee77cec79134
    git: https://github.com/tusharad/ollama-haskell
snapshots:
- completed:
    sha256: 611f01a66ae8377a840613ef2b43e8e4dd31990da0d03e3a972032be0c1fbdba
    size: 720043
    url: https://raw.githubusercontent.com/commercialhaskell/stackage-snapshots/master/nightly/2025/7/1.yaml
  original: nightly-2025-07-01
