# This file was autogenerated by Stack.
# You should not edit this file by hand.
# For more information, please see the documentation at:
#   https://docs.haskellstack.org/en/stable/topics/lock_files

packages:
- completed:
    commit: 267cca9ec3b42c682fcd0dbc9402e9600c681e55
    git: https://github.com/flipstone/orville
    name: orville-postgresql
    pantry-tree:
      sha256: 9cd17faf611d111c51f471b5db0a82ad0019f97b3be823f8769be5897f97d010
      size: 17761
    subdir: orville-postgresql
    version: 1.1.0.0
  original:
    commit: 267cca9ec3b42c682fcd0dbc9402e9600c681e55
    git: https://github.com/flipstone/orville
    subdir: orville-postgresql
snapshots:
- completed:
    sha256: 93512fb7c02b8b3db26799bd40d8bfb7d60979f9089c587ca34d877c2fbd1bca
    size: 671437
    url: https://raw.githubusercontent.com/commercialhaskell/stackage-snapshots/master/nightly/2025/7/26.yaml
  original: nightly-2025-07-26
