# This file was autogenerated by Stack.
# You should not edit this file by hand.
# For more information, please see the documentation at:
#   https://docs.haskellstack.org/en/stable/topics/lock_files

packages:
- completed:
    commit: 267cca9ec3b42c682fcd0dbc9402e9600c681e55
    git: https://github.com/flipstone/orville
    name: orville-postgresql
    pantry-tree:
      sha256: 9cd17faf611d111c51f471b5db0a82ad0019f97b3be823f8769be5897f97d010
      size: 17761
    subdir: orville-postgresql
    version: 1.1.0.0
  original:
    commit: 267cca9ec3b42c682fcd0dbc9402e9600c681e55
    git: https://github.com/flipstone/orville
    subdir: orville-postgresql
- completed:
    hackage: atomic-css-0.1.0@sha256:03ba814e13675adae02254c58ed65e88f333f0102037c5d1bc913b396ed2e02f,3106
    pantry-tree:
      sha256: ac00508b8693f829e30090de76de14e50c4951a41473e73ec854933e2fbe8bef
      size: 1931
  original:
    hackage: atomic-css-0.1.0@sha256:03ba814e13675adae02254c58ed65e88f333f0102037c5d1bc913b396ed2e02f,3106
- completed:
    commit: 99ccee5f698848844435a7e33ed8b06744d137b6
    git: https://github.com/seanhess/hyperbole
    name: hyperbole
    pantry-tree:
      sha256: 21f9131c44842438117f055a8b98dee1d24d9471e305f89c75ac6e310bb94b4f
      size: 9928
    version: 0.4.3
  original:
    commit: 99ccee5f698848844435a7e33ed8b06744d137b6
    git: https://github.com/seanhess/hyperbole
- completed:
    commit: fc21fd01d14c74dda9a9f3df8c01f8d7711c5087
    git: https://github.com/tusharad/langchain-hs
    name: langchain-hs
    pantry-tree:
      sha256: 9efb5961869d3a02f263041c094d005549c20a061a573d57fa0387c768998d25
      size: 9170
    version: 0.0.2.0
  original:
    commit: fc21fd01d14c74dda9a9f3df8c01f8d7711c5087
    git: https://github.com/tusharad/langchain-hs
- completed:
    commit: 05c7869652870a2a88bec259f501ee77cec79134
    git: https://github.com/tusharad/ollama-haskell
    name: ollama-haskell
    pantry-tree:
      sha256: 3c42eac164608453fd702d797184dedddfd34a343b273ffe670c270ff9046baf
      size: 5233
    version: 0.2.0.0
  original:
    commit: 05c7869652870a2a88bec259f501ee77cec79134
    git: https://github.com/tusharad/ollama-haskell
- completed:
    hackage: pdf-toolbox-document-0.1.4@sha256:6016daf47765f4a06b23a90e59741f34f7c2c8561091a9db3caa922339037108,2405
    pantry-tree:
      sha256: 6530b803d559773deb1bcd62ec0828b715a4572798faecbf669e91f829298b7c
      size: 1285
  original:
    hackage: pdf-toolbox-document-0.1.4@sha256:6016daf47765f4a06b23a90e59741f34f7c2c8561091a9db3caa922339037108,2405
- completed:
    hackage: pdf-toolbox-content-0.1.2@sha256:e84fd8be2150bccd60db4a231ad7b6f82e22eadb29cd3cbbc30cea690fc59dcc,2562
    pantry-tree:
      sha256: 354dd5573b939dc2f8f3ebbf8fa1a2946e15dc4e817fca174ed2dde190bb8ef0
      size: 1427
  original:
    hackage: pdf-toolbox-content-0.1.2@sha256:e84fd8be2150bccd60db4a231ad7b6f82e22eadb29cd3cbbc30cea690fc59dcc,2562
- completed:
    hackage: pdf-toolbox-core-0.1.3@sha256:c75e5c95b043521bac74d77b2b606bc53006a96848290609858d684cc9470cae,3826
    pantry-tree:
      sha256: 7ed7ce9458822471616499986bf4293ed4e2fa34d7ef1b8e553ab436b2787289
      size: 2031
  original:
    hackage: pdf-toolbox-core-0.1.3@sha256:c75e5c95b043521bac74d77b2b606bc53006a96848290609858d684cc9470cae,3826
- completed:
    hackage: cryptohash-0.11.9@sha256:59d9494ba0cc9eef087ecba2e12e4d3e2d3b0327dd1542af552e3dca0e7de70d,4230
    pantry-tree:
      sha256: f916b60e1f935ee554beacae455b9d3bc79c083e6235d5f4b519cb6df00e4032
      size: 2259
  original:
    hackage: cryptohash-0.11.9@sha256:59d9494ba0cc9eef087ecba2e12e4d3e2d3b0327dd1542af552e3dca0e7de70d,4230
- completed:
    hackage: cryptonite-0.30@sha256:12c85dea7be63e5ad90bcb487eb3846bf3c413347f94336fa1dede7b28f9936a,18301
    pantry-tree:
      sha256: df1cbe4cc40d569cc75ffed40bc5deac43cb085653980b42b9b6a5d4b745a30a
      size: 23323
  original:
    hackage: cryptonite-0.30@sha256:12c85dea7be63e5ad90bcb487eb3846bf3c413347f94336fa1dede7b28f9936a,18301
snapshots:
- completed:
    sha256: f5c5c81f00156f57e6ba5aca3ad1ddf37e79171b73fdca2d839d9875b8d4dd97
    size: 675542
    url: https://raw.githubusercontent.com/commercialhaskell/stackage-snapshots/master/nightly/2025/8/7.yaml
  original: nightly-2025-08-07
